{"version":4,"terraform_version":"1.11.5","serial":1,"lineage":"fa9e6cd3-0c81-1070-213c-c9b3bc831b6b","outputs":{},"resources":[{"mode":"managed","type":"local_file","name":"devops_report","provider":"provider[\"registry.opentofu.org/hashicorp/local\"]","instances":[{"schema_version":0,"attributes":{"content":"My DevOps Project is growing! App version: 1.0","content_base64":null,"content_base64sha256":"8MWdX1zywI+s75M71EP9TvcbYNQcl32DF1wMuAL6arA=","content_base64sha512":"XrO7uCvTGX14Zb+0z0+vl3W7Dba+mojRhN8vp9GF2JsU/gk44SQ8laZlLsQYYtT5upfXoTS0rHz57NdfUX9Htg==","content_md5":"997a547745537e08d38ef95d524f99c6","content_sha1":"2ae5cb562d2200f10052465c2c3ad605afcb408f","content_sha256":"f0c59d5f5cf2c08facef933bd443fd4ef71b60d41c977d83175c0cb802fa6ab0","content_sha512":"5eb3bbb82bd3197d7865bfb4cf4faf9775bb0db6be9a88d184df2fa7d185d89b14fe0938e1243c95a6652ec41862d4f9ba97d7a134b4ac7cf9ecd75f517f47b6","directory_permission":"0777","file_permission":"0777","filename":"inventory.txt","id":"2ae5cb562d2200f10052465c2c3ad605afcb408f","sensitive_content":null,"source":null},"sensitive_attributes":[[{"type":"get_attr","value":"sensitive_content"}]]}]}],"check_results":null}
